
Microsoft Visual Studio Solution File, Format Version 12.00
# Visual Studio Version 17
VisualStudioVersion = 17.9.34701.34
MinimumVisualStudioVersion = 10.0.40219.1
Project("{9A19103F-16F7-4668-BE54-9A1E7A4F7556}") = "GUI", "GUI\GUI.csproj", "{6A56215E-7AB9-48BD-892F-E977F077898F}"
EndProject
Project("{9A19103F-16F7-4668-BE54-9A1E7A4F7556}") = "BLL", "BLL\BLL.csproj", "{D79E9917-A3BE-4ACC-8589-F15E3DAA7844}"
EndProject
Project("{9A19103F-16F7-4668-BE54-9A1E7A4F7556}") = "DAL", "DAL\DAL.csproj", "{31422532-2748-406D-A255-12C5C8D51483}"
EndProject
Global
	GlobalSection(SolutionConfigurationPlatforms) = preSolution
		Debug|Any CPU = Debug|Any CPU
		Release|Any CPU = Release|Any CPU
	EndGlobalSection
	GlobalSection(ProjectConfigurationPlatforms) = postSolution
		{6A56215E-7AB9-48BD-892F-E977F077898F}.Debug|Any CPU.ActiveCfg = Debug|Any CPU
		{6A56215E-7AB9-48BD-892F-E977F077898F}.Debug|Any CPU.Build.0 = Debug|Any CPU
		{6A56215E-7AB9-48BD-892F-E977F077898F}.Release|Any CPU.ActiveCfg = Release|Any CPU
		{6A56215E-7AB9-48BD-892F-E977F077898F}.Release|Any CPU.Build.0 = Release|Any CPU
		{D79E9917-A3BE-4ACC-8589-F15E3DAA7844}.Debug|Any CPU.ActiveCfg = Debug|Any CPU
		{D79E9917-A3BE-4ACC-8589-F15E3DAA7844}.Debug|Any CPU.Build.0 = Debug|Any CPU
		{D79E9917-A3BE-4ACC-8589-F15E3DAA7844}.Release|Any CPU.ActiveCfg = Release|Any CPU
		{D79E9917-A3BE-4ACC-8589-F15E3DAA7844}.Release|Any CPU.Build.0 = Release|Any CPU
		{31422532-2748-406D-A255-12C5C8D51483}.Debug|Any CPU.ActiveCfg = Debug|Any CPU
		{31422532-2748-406D-A255-12C5C8D51483}.Debug|Any CPU.Build.0 = Debug|Any CPU
		{31422532-2748-406D-A255-12C5C8D51483}.Release|Any CPU.ActiveCfg = Release|Any CPU
		{31422532-2748-406D-A255-12C5C8D51483}.Release|Any CPU.Build.0 = Release|Any CPU
	EndGlobalSection
	GlobalSection(SolutionProperties) = preSolution
		HideSolutionNode = FALSE
	EndGlobalSection
	GlobalSection(ExtensibilityGlobals) = postSolution
		SolutionGuid = {EB4669AC-41B6-4FCC-B414-378F0278713D}
	EndGlobalSection
EndGlobal
